
Microsoft Visual Studio Solution File, Format Version 12.00
# Visual Studio 2013
VisualStudioVersion = 12.0.30723.0
MinimumVisualStudioVersion = 10.0.40219.1
Project("{8BC9CEB8-8B4A-11D0-8D11-00A0C91BC942}") = "Engine", "Engine\Engine.vcxproj", "{9C7A1269-1DE8-40FA-B258-B8E0A5C16018}"
EndProject
Project("{8BC9CEB8-8B4A-11D0-8D11-00A0C91BC942}") = "Application", "Application\Application.vcxproj", "{5AE9E475-120E-48F5-8D16-8A252782FC68}"
EndProject
Project("{8BC9CEB8-8B4A-11D0-8D11-00A0C91BC942}") = "Game", "Game\Game.vcxproj", "{97F9D6A8-E538-4AA5-94BC-3C5561036C0F}"
EndProject
Global
	GlobalSection(SolutionConfigurationPlatforms) = preSolution
		Debug|Win32 = Debug|Win32
		Release|Win32 = Release|Win32
	EndGlobalSection
	GlobalSection(ProjectConfigurationPlatforms) = postSolution
		{9C7A1269-1DE8-40FA-B258-B8E0A5C16018}.Debug|Win32.ActiveCfg = Debug|Win32
		{9C7A1269-1DE8-40FA-B258-B8E0A5C16018}.Debug|Win32.Build.0 = Debug|Win32
		{9C7A1269-1DE8-40FA-B258-B8E0A5C16018}.Release|Win32.ActiveCfg = Release|Win32
		{9C7A1269-1DE8-40FA-B258-B8E0A5C16018}.Release|Win32.Build.0 = Release|Win32
		{5AE9E475-120E-48F5-8D16-8A252782FC68}.Debug|Win32.ActiveCfg = Debug|Win32
		{5AE9E475-120E-48F5-8D16-8A252782FC68}.Debug|Win32.Build.0 = Debug|Win32
		{5AE9E475-120E-48F5-8D16-8A252782FC68}.Release|Win32.ActiveCfg = Release|Win32
		{5AE9E475-120E-48F5-8D16-8A252782FC68}.Release|Win32.Build.0 = Release|Win32
		{97F9D6A8-E538-4AA5-94BC-3C5561036C0F}.Debug|Win32.ActiveCfg = Debug|Win32
		{97F9D6A8-E538-4AA5-94BC-3C5561036C0F}.Debug|Win32.Build.0 = Debug|Win32
		{97F9D6A8-E538-4AA5-94BC-3C5561036C0F}.Release|Win32.ActiveCfg = Release|Win32
		{97F9D6A8-E538-4AA5-94BC-3C5561036C0F}.Release|Win32.Build.0 = Release|Win32
	EndGlobalSection
	GlobalSection(SolutionProperties) = preSolution
		HideSolutionNode = FALSE
	EndGlobalSection
EndGlobal
