<?xml version="1.0" encoding="utf-8"?>
<Project ToolsVersion="4.0" xmlns="http://schemas.microsoft.com/developer/msbuild/2003">
  <ItemGroup>
    <Filter Include="Math">
      <UniqueIdentifier>{ed2f2ee5-27f6-480d-a847-4bbd505cb1c1}</UniqueIdentifier>
    </Filter>
  </ItemGroup>
  <ItemGroup>
    <ClInclude Include="Vector2f.h">
      <Filter>Math</Filter>
    </ClInclude>
    <ClInclude Include="GrowingArray.h" />
    <ClInclude Include="StaticArray.h" />
    <ClInclude Include="Vector2i.h">
      <Filter>Math</Filter>
    </ClInclude>
    <ClInclude Include="GameEnums.h" />
  </ItemGroup>
  <ItemGroup>
    <ClCompile Include="Dummy.cpp" />
  </ItemGroup>
</Project>