<?xml version="1.0" encoding="utf-8"?>
<Project ToolsVersion="4.0" xmlns="http://schemas.microsoft.com/developer/msbuild/2003">
  <ItemGroup>
    <ClInclude Include="Game.h" />
    <ClInclude Include="Enums.h" />
    <ClInclude Include="RenderComponentManager.h">
      <Filter>EntitySystem</Filter>
    </ClInclude>
    <ClInclude Include="PositionComponentManager.h">
      <Filter>EntitySystem</Filter>
    </ClInclude>
    <ClInclude Include="MovementComponentManager.h">
      <Filter>EntitySystem</Filter>
    </ClInclude>
    <ClInclude Include="CollisionComponentManager.h">
      <Filter>EntitySystem</Filter>
    </ClInclude>
  </ItemGroup>
  <ItemGroup>
    <ClCompile Include="Game.cpp" />
    <ClCompile Include="RenderComponentManager.cpp">
      <Filter>EntitySystem</Filter>
    </ClCompile>
    <ClCompile Include="PositionComponentManager.cpp">
      <Filter>EntitySystem</Filter>
    </ClCompile>
    <ClCompile Include="MovementComponentManager.cpp">
      <Filter>EntitySystem</Filter>
    </ClCompile>
    <ClCompile Include="CollisionComponentManager.cpp">
      <Filter>EntitySystem</Filter>
    </ClCompile>
  </ItemGroup>
  <ItemGroup>
    <Filter Include="EntitySystem">
      <UniqueIdentifier>{221323e2-5df6-47e9-8110-caddd4fcd657}</UniqueIdentifier>
    </Filter>
  </ItemGroup>
</Project>